
Microsoft Visual Studio Solution File, Format Version 11.00
# Visual Studio 2010
Project("{FAE04EC0-301F-11D3-BF4B-00C04F79EFBC}") = "TZMS_Ext_Web", "TZMS_Ext_Web.csproj", "{CF702D32-2B3C-4FE7-8916-4C09DBF30289}"
EndProject
Project("{2150E333-8FDC-42A3-9474-1A3956D46DE8}") = "Model", "Model", "{5DBE7B9D-B429-475F-85C8-E246B5F2EC73}"
EndProject
Project("{FAE04EC0-301F-11D3-BF4B-00C04F79EFBC}") = "Model", "..\Model\Model.csproj", "{F3BDD97F-4828-48BA-9220-B95E93ED1B94}"
EndProject
Project("{2150E333-8FDC-42A3-9474-1A3956D46DE8}") = "DataAccess", "DataAccess", "{9C8F4F7E-293B-457A-AD69-ADDB43BBEE72}"
EndProject
Project("{FAE04EC0-301F-11D3-BF4B-00C04F79EFBC}") = "DataAccess", "..\DataAccess\DataAccess.csproj", "{0537F543-2280-4751-9E8D-626AEEDCB921}"
EndProject
Project("{2150E333-8FDC-42A3-9474-1A3956D46DE8}") = "Business", "Business", "{F97267A0-E0C8-4C40-B780-4B2BC4D21282}"
EndProject
Project("{FAE04EC0-301F-11D3-BF4B-00C04F79EFBC}") = "Business", "..\Business\Business.csproj", "{8AD7E97C-6BE2-4A0C-8500-3B485E0F271F}"
EndProject
Global
	GlobalSection(SolutionConfigurationPlatforms) = preSolution
		Debug|Any CPU = Debug|Any CPU
		Release|Any CPU = Release|Any CPU
	EndGlobalSection
	GlobalSection(ProjectConfigurationPlatforms) = postSolution
		{CF702D32-2B3C-4FE7-8916-4C09DBF30289}.Debug|Any CPU.ActiveCfg = Debug|Any CPU
		{CF702D32-2B3C-4FE7-8916-4C09DBF30289}.Debug|Any CPU.Build.0 = Debug|Any CPU
		{CF702D32-2B3C-4FE7-8916-4C09DBF30289}.Release|Any CPU.ActiveCfg = Release|Any CPU
		{CF702D32-2B3C-4FE7-8916-4C09DBF30289}.Release|Any CPU.Build.0 = Release|Any CPU
		{F3BDD97F-4828-48BA-9220-B95E93ED1B94}.Debug|Any CPU.ActiveCfg = Debug|Any CPU
		{F3BDD97F-4828-48BA-9220-B95E93ED1B94}.Debug|Any CPU.Build.0 = Debug|Any CPU
		{F3BDD97F-4828-48BA-9220-B95E93ED1B94}.Release|Any CPU.ActiveCfg = Release|Any CPU
		{F3BDD97F-4828-48BA-9220-B95E93ED1B94}.Release|Any CPU.Build.0 = Release|Any CPU
		{0537F543-2280-4751-9E8D-626AEEDCB921}.Debug|Any CPU.ActiveCfg = Debug|Any CPU
		{0537F543-2280-4751-9E8D-626AEEDCB921}.Debug|Any CPU.Build.0 = Debug|Any CPU
		{0537F543-2280-4751-9E8D-626AEEDCB921}.Release|Any CPU.ActiveCfg = Release|Any CPU
		{0537F543-2280-4751-9E8D-626AEEDCB921}.Release|Any CPU.Build.0 = Release|Any CPU
		{8AD7E97C-6BE2-4A0C-8500-3B485E0F271F}.Debug|Any CPU.ActiveCfg = Debug|Any CPU
		{8AD7E97C-6BE2-4A0C-8500-3B485E0F271F}.Debug|Any CPU.Build.0 = Debug|Any CPU
		{8AD7E97C-6BE2-4A0C-8500-3B485E0F271F}.Release|Any CPU.ActiveCfg = Release|Any CPU
		{8AD7E97C-6BE2-4A0C-8500-3B485E0F271F}.Release|Any CPU.Build.0 = Release|Any CPU
	EndGlobalSection
	GlobalSection(SolutionProperties) = preSolution
		HideSolutionNode = FALSE
	EndGlobalSection
	GlobalSection(NestedProjects) = preSolution
		{F3BDD97F-4828-48BA-9220-B95E93ED1B94} = {5DBE7B9D-B429-475F-85C8-E246B5F2EC73}
		{0537F543-2280-4751-9E8D-626AEEDCB921} = {9C8F4F7E-293B-457A-AD69-ADDB43BBEE72}
		{8AD7E97C-6BE2-4A0C-8500-3B485E0F271F} = {F97267A0-E0C8-4C40-B780-4B2BC4D21282}
	EndGlobalSection
EndGlobal
