
Microsoft Visual Studio Solution File, Format Version 11.00
# Visual Studio 2010
Project("{FAE04EC0-301F-11D3-BF4B-00C04F79EFBC}") = "TZMS", "TZMS\TZMS.csproj", "{A61DF4D8-D39C-4426-B85F-769EFBD34195}"
EndProject
Project("{FAE04EC0-301F-11D3-BF4B-00C04F79EFBC}") = "Model", "Model\Model.csproj", "{F3BDD97F-4828-48BA-9220-B95E93ED1B94}"
EndProject
Project("{FAE04EC0-301F-11D3-BF4B-00C04F79EFBC}") = "DataAccess", "DataAccess\DataAccess.csproj", "{0537F543-2280-4751-9E8D-626AEEDCB921}"
EndProject
Project("{FAE04EC0-301F-11D3-BF4B-00C04F79EFBC}") = "Business", "Business\Business.csproj", "{8AD7E97C-6BE2-4A0C-8500-3B485E0F271F}"
EndProject
Global
	GlobalSection(SolutionConfigurationPlatforms) = preSolution
		Debug|Any CPU = Debug|Any CPU
		Release|Any CPU = Release|Any CPU
	EndGlobalSection
	GlobalSection(ProjectConfigurationPlatforms) = postSolution
		{A61DF4D8-D39C-4426-B85F-769EFBD34195}.Debug|Any CPU.ActiveCfg = Debug|Any CPU
		{A61DF4D8-D39C-4426-B85F-769EFBD34195}.Debug|Any CPU.Build.0 = Debug|Any CPU
		{A61DF4D8-D39C-4426-B85F-769EFBD34195}.Release|Any CPU.ActiveCfg = Release|Any CPU
		{A61DF4D8-D39C-4426-B85F-769EFBD34195}.Release|Any CPU.Build.0 = Release|Any CPU
		{F3BDD97F-4828-48BA-9220-B95E93ED1B94}.Debug|Any CPU.ActiveCfg = Debug|Any CPU
		{F3BDD97F-4828-48BA-9220-B95E93ED1B94}.Debug|Any CPU.Build.0 = Debug|Any CPU
		{F3BDD97F-4828-48BA-9220-B95E93ED1B94}.Release|Any CPU.ActiveCfg = Release|Any CPU
		{F3BDD97F-4828-48BA-9220-B95E93ED1B94}.Release|Any CPU.Build.0 = Release|Any CPU
		{0537F543-2280-4751-9E8D-626AEEDCB921}.Debug|Any CPU.ActiveCfg = Debug|Any CPU
		{0537F543-2280-4751-9E8D-626AEEDCB921}.Debug|Any CPU.Build.0 = Debug|Any CPU
		{0537F543-2280-4751-9E8D-626AEEDCB921}.Release|Any CPU.ActiveCfg = Release|Any CPU
		{0537F543-2280-4751-9E8D-626AEEDCB921}.Release|Any CPU.Build.0 = Release|Any CPU
		{8AD7E97C-6BE2-4A0C-8500-3B485E0F271F}.Debug|Any CPU.ActiveCfg = Debug|Any CPU
		{8AD7E97C-6BE2-4A0C-8500-3B485E0F271F}.Debug|Any CPU.Build.0 = Debug|Any CPU
		{8AD7E97C-6BE2-4A0C-8500-3B485E0F271F}.Release|Any CPU.ActiveCfg = Release|Any CPU
		{8AD7E97C-6BE2-4A0C-8500-3B485E0F271F}.Release|Any CPU.Build.0 = Release|Any CPU
	EndGlobalSection
	GlobalSection(SolutionProperties) = preSolution
		HideSolutionNode = FALSE
	EndGlobalSection
EndGlobal
